Microsoft Visual Studio Solution File, Format Version 12.00
# Visual Studio Version 17
VisualStudioVersion = 17.1.32228.430
MinimumVisualStudioVersion = 10.0.40219.1
Project("{9A19103F-16F7-4668-BE54-9A1E7A4F7556}") = "Aiursoft.FileLock", "src\Aiursoft.FileLock\Aiursoft.FileLock.csproj", "{8FEE1063-F750-43EE-8124-6A7A85BB3531}"
EndProject
Project("{2150E333-8FDC-42A3-9474-1A3956D46DE8}") = "src", "src", "{6D9338FA-0CB5-40F2-AA3C-30CC0B94D2BB}"
EndProject
Project("{2150E333-8FDC-42A3-9474-1A3956D46DE8}") = "tests", "tests", "{CB152B29-99C0-4323-A592-D884D4833A4C}"
EndProject
Project("{FAE04EC0-301F-11D3-BF4B-00C04F79EFBC}") = "Aiursoft.FileLock.Tests", "tests\Aiursoft.FileLock.Tests\Aiursoft.FileLock.Tests.csproj", "{4B43BB18-5512-40ED-906F-A6A183125E1F}"
EndProject
Global
	GlobalSection(SolutionConfigurationPlatforms) = preSolution
		Debug|Any CPU = Debug|Any CPU
		Release|Any CPU = Release|Any CPU
	EndGlobalSection
	GlobalSection(ProjectConfigurationPlatforms) = postSolution
		{8FEE1063-F750-43EE-8124-6A7A85BB3531}.Debug|Any CPU.ActiveCfg = Debug|Any CPU
		{8FEE1063-F750-43EE-8124-6A7A85BB3531}.Debug|Any CPU.Build.0 = Debug|Any CPU
		{8FEE1063-F750-43EE-8124-6A7A85BB3531}.Release|Any CPU.ActiveCfg = Release|Any CPU
		{8FEE1063-F750-43EE-8124-6A7A85BB3531}.Release|Any CPU.Build.0 = Release|Any CPU
		{4B43BB18-5512-40ED-906F-A6A183125E1F}.Debug|Any CPU.ActiveCfg = Debug|Any CPU
		{4B43BB18-5512-40ED-906F-A6A183125E1F}.Debug|Any CPU.Build.0 = Debug|Any CPU
		{4B43BB18-5512-40ED-906F-A6A183125E1F}.Release|Any CPU.ActiveCfg = Release|Any CPU
		{4B43BB18-5512-40ED-906F-A6A183125E1F}.Release|Any CPU.Build.0 = Release|Any CPU
	EndGlobalSection
	GlobalSection(SolutionProperties) = preSolution
		HideSolutionNode = FALSE
	EndGlobalSection
	GlobalSection(NestedProjects) = preSolution
		{8FEE1063-F750-43EE-8124-6A7A85BB3531} = {6D9338FA-0CB5-40F2-AA3C-30CC0B94D2BB}
		{4B43BB18-5512-40ED-906F-A6A183125E1F} = {CB152B29-99C0-4323-A592-D884D4833A4C}
	EndGlobalSection
	GlobalSection(ExtensibilityGlobals) = postSolution
		SolutionGuid = {BAA83CF2-A10A-43F1-B402-562B894ACF5D}
	EndGlobalSection
EndGlobal
